
Microsoft Visual Studio Solution File, Format Version 12.00
# Visual Studio Version 16
VisualStudioVersion = 16.0.32106.194
MinimumVisualStudioVersion = 10.0.40219.1
Project("{FAE04EC0-301F-11D3-BF4B-00C04F79EFBC}") = "course_registration_system", "course_registration_system.csproj", "{18D4CA96-F61C-4FAB-81E8-D0654026B34A}"
EndProject
Global
	GlobalSection(SolutionConfigurationPlatforms) = preSolution
		Debug|Any CPU = Debug|Any CPU
		Release|Any CPU = Release|Any CPU
	EndGlobalSection
	GlobalSection(ProjectConfigurationPlatforms) = postSolution
		{18D4CA96-F61C-4FAB-81E8-D0654026B34A}.Debug|Any CPU.ActiveCfg = Debug|Any CPU
		{18D4CA96-F61C-4FAB-81E8-D0654026B34A}.Debug|Any CPU.Build.0 = Debug|Any CPU
		{18D4CA96-F61C-4FAB-81E8-D0654026B34A}.Release|Any CPU.ActiveCfg = Release|Any CPU
		{18D4CA96-F61C-4FAB-81E8-D0654026B34A}.Release|Any CPU.Build.0 = Release|Any CPU
	EndGlobalSection
	GlobalSection(SolutionProperties) = preSolution
		HideSolutionNode = FALSE
	EndGlobalSection
	GlobalSection(ExtensibilityGlobals) = postSolution
		SolutionGuid = {C9EA15D4-8F88-42CE-A5FD-6621389F622C}
	EndGlobalSection
EndGlobal
